# This file is automatically @generated by Cargo.
# It is not intended for manual editing.
version = 3

[[package]]
name = "addr2line"
version = "0.21.0"
source = "registry+https://github.com/rust-lang/crates.io-index"
checksum = "8a30b2e23b9e17a9f90641c7ab1549cd9b44f296d3ccbf309d2863cfe398a0cb"
dependencies = [
 "gimli",
]

[[package]]
name = "adler"
version = "1.0.2"
source = "registry+https://github.com/rust-lang/crates.io-index"
checksum = "f26201604c87b1e01bd3d98f8d5d9a8fcbb815e8ceee6f83c9dcebe4adc3a66d"

[[package]]
name = "aes-gcm"
version = "0.10.3"
source = "registry+https://github.com/rust-lang/crates.io-index"
checksum = "831010a0f72e80b030cf41be56156251a922915e82ae7e7e8ec5ec71e92b0152"
dependencies = [
 "aes",
 "aead",
 "ghash",
 "subtle",
]

[[package]]
name = "aes"
version = "0.8.3"
source = "registry+https://github.com/rust-lang/crates.io-index"
checksum = "ac1f845298e6f6efd11f344ee8dd18c408e37ff4ef6f6c4795ae99b5b3cb4988"
dependencies = [
 "cfg-if",
 "cipher",
 "cpufeatures",
]
